
Microsoft Visual Studio Solution File, Format Version 12.00
# Visual Studio 2013
VisualStudioVersion = 12.0.21005.1
MinimumVisualStudioVersion = 10.0.40219.1
Project("{FAE04EC0-301F-11D3-BF4B-00C04F79EFBC}") = "libZhuishu", "libZhuishu\libZhuishu.csproj", "{326650CB-B2EF-4DB4-990C-95C1E0C5E322}"
EndProject
Project("{FAE04EC0-301F-11D3-BF4B-00C04F79EFBC}") = "KindleHelper", "KindleHelper\KindleHelper.csproj", "{7F95AFC8-14CC-4451-BB8C-3E272F1B10BE}"
EndProject
Project("{FAE04EC0-301F-11D3-BF4B-00C04F79EFBC}") = "loglibrary", "loglibrary\loglibrary.csproj", "{1FF8CC06-E996-4ADC-AE9F-F6758A8865C9}"
EndProject
Project("{2150E333-8FDC-42A3-9474-1A3956D46DE8}") = "Solution Items", "Solution Items", "{1925D3E2-2A98-415A-BA35-B37200C9DF69}"
	ProjectSection(SolutionItems) = preProject
		README.md = README.md
	EndProjectSection
EndProject
Project("{FAE04EC0-301F-11D3-BF4B-00C04F79EFBC}") = "KindleHelper.Command", "KindleHelper.Command\KindleHelper.Command.csproj", "{52A8A6B6-8106-49B7-AF3A-54FBF2F1595D}"
EndProject
Project("{FAE04EC0-301F-11D3-BF4B-00C04F79EFBC}") = "AppConfigWriteLibrary", "AppConfigWriteLibrary\AppConfigWriteLibrary.csproj", "{6719F736-735A-42C5-8C88-A0386B4DB795}"
EndProject
Project("{FAE04EC0-301F-11D3-BF4B-00C04F79EFBC}") = "LibImport", "LibImport\LibImport.csproj", "{C8231AD2-7E36-4D4D-9605-1B563CAFBFC4}"
EndProject
Project("{FAE04EC0-301F-11D3-BF4B-00C04F79EFBC}") = "KindleSender.Service", "kindlesender\src\KindleSender.Service\KindleSender.Service.csproj", "{D71465D2-9AE3-4C11-A42B-8800A7E6EFFA}"
EndProject
Project("{FAE04EC0-301F-11D3-BF4B-00C04F79EFBC}") = "GrapchLibrary", "GrapchLibrary\GrapchLibrary.csproj", "{A1675FB2-0999-4D2D-A537-C07B4DC3D2FA}"
EndProject
Project("{FAE04EC0-301F-11D3-BF4B-00C04F79EFBC}") = "GuiTest", "GuiTest\GuiTest.csproj", "{45DEF5B8-1274-401A-A683-48A49AC86767}"
EndProject
Project("{FAE04EC0-301F-11D3-BF4B-00C04F79EFBC}") = "System.Net.creathttp", "System.Net.creathttp\System.Net.creathttp.csproj", "{9CD525E2-8AE7-483C-B84D-292F03E4ABEF}"
EndProject
Project("{FAE04EC0-301F-11D3-BF4B-00C04F79EFBC}") = "KindleHelper.Plugin.Interface", "KindleHelper.Plugin.Interface\KindleHelper.Plugin.Interface.csproj", "{BA4C73A6-8CE5-475D-8597-9A56E0B8BD59}"
EndProject
Project("{FAE04EC0-301F-11D3-BF4B-00C04F79EFBC}") = "KindleHelper.Plugin.Plugin.A", "KindleHelper.Plugin.Plugin.A\KindleHelper.Plugin.Plugin.A.csproj", "{3C9C405C-3EEC-48F5-A5AC-9BA9B9F9AE50}"
EndProject
Project("{FAE04EC0-301F-11D3-BF4B-00C04F79EFBC}") = "KindleHelper.Plugin.Plugin.B", "KindleHelper.Plugin.Plugin.B\KindleHelper.Plugin.Plugin.B.csproj", "{DFFFDD9F-BADA-4924-85C7-215BE337A2DC}"
EndProject
Project("{FAE04EC0-301F-11D3-BF4B-00C04F79EFBC}") = "ePubReader", "Epub\ePubReader\ePubReader.csproj", "{B5D1C9DA-D5F6-42CD-B639-E6796DD2BDBB}"
EndProject
Project("{FAE04EC0-301F-11D3-BF4B-00C04F79EFBC}") = "Ionic", "ZipLibary\Zip\Ionic.csproj", "{A0C2DC2F-4AC7-4AEA-847D-A1A51AF02130}"
EndProject
Project("{FAE04EC0-301F-11D3-BF4B-00C04F79EFBC}") = "TestZip", "ZipLibary\TestZip\TestZip.csproj", "{FE558025-6F89-4145-8005-DE61F2A983B5}"
EndProject
Project("{FAE04EC0-301F-11D3-BF4B-00C04F79EFBC}") = "lib", "lib\lib.csproj", "{89967409-836E-4416-92F6-418748410072}"
EndProject
Project("{FAE04EC0-301F-11D3-BF4B-00C04F79EFBC}") = "KindleHelper.Plugin.Plugin.TestZip", "KindleHelper.Plugin.Plugin.TestZip\KindleHelper.Plugin.Plugin.TestZip.csproj", "{5A310396-7673-450C-8BD2-C1FBD192669B}"
EndProject
Project("{F184B08F-C81C-45F6-A57F-5ABD9991F28F}") = "KindleHelper.Plugin.VBPlugin", "KindleHelper.Plugin.VBPlugin\KindleHelper.Plugin.VBPlugin.vbproj", "{2EB4AB1C-1546-407C-A972-0AD9C10F8993}"
EndProject
Project("{8BC9CEB8-8B4A-11D0-8D11-00A0C91BC942}") = "KindleHelper.Plugin.CPPPlugin", "KindleHelper.Plugin.CPPPlugin\KindleHelper.Plugin.CPPPlugin.vcxproj", "{082AEC17-4C86-4B9F-940D-90AB44EC9E4D}"
EndProject
Global
	GlobalSection(SolutionConfigurationPlatforms) = preSolution
		Debug|Any CPU = Debug|Any CPU
		Debug|Mixed Platforms = Debug|Mixed Platforms
		Debug|Win32 = Debug|Win32
		Debug|x64 = Debug|x64
		Debug|x86 = Debug|x86
		Release|Any CPU = Release|Any CPU
		Release|Mixed Platforms = Release|Mixed Platforms
		Release|Win32 = Release|Win32
		Release|x64 = Release|x64
		Release|x86 = Release|x86
	EndGlobalSection
	GlobalSection(ProjectConfigurationPlatforms) = postSolution
		{326650CB-B2EF-4DB4-990C-95C1E0C5E322}.Debug|Any CPU.ActiveCfg = Debug|Any CPU
		{326650CB-B2EF-4DB4-990C-95C1E0C5E322}.Debug|Any CPU.Build.0 = Debug|Any CPU
		{326650CB-B2EF-4DB4-990C-95C1E0C5E322}.Debug|Mixed Platforms.ActiveCfg = Debug|Any CPU
		{326650CB-B2EF-4DB4-990C-95C1E0C5E322}.Debug|Mixed Platforms.Build.0 = Debug|Any CPU
		{326650CB-B2EF-4DB4-990C-95C1E0C5E322}.Debug|Win32.ActiveCfg = Debug|Any CPU
		{326650CB-B2EF-4DB4-990C-95C1E0C5E322}.Debug|x64.ActiveCfg = Debug|Any CPU
		{326650CB-B2EF-4DB4-990C-95C1E0C5E322}.Debug|x64.Build.0 = Debug|Any CPU
		{326650CB-B2EF-4DB4-990C-95C1E0C5E322}.Debug|x86.ActiveCfg = Debug|Any CPU
		{326650CB-B2EF-4DB4-990C-95C1E0C5E322}.Debug|x86.Build.0 = Debug|Any CPU
		{326650CB-B2EF-4DB4-990C-95C1E0C5E322}.Release|Any CPU.ActiveCfg = Release|Any CPU
		{326650CB-B2EF-4DB4-990C-95C1E0C5E322}.Release|Any CPU.Build.0 = Release|Any CPU
		{326650CB-B2EF-4DB4-990C-95C1E0C5E322}.Release|Mixed Platforms.ActiveCfg = Release|Any CPU
		{326650CB-B2EF-4DB4-990C-95C1E0C5E322}.Release|Mixed Platforms.Build.0 = Release|Any CPU
		{326650CB-B2EF-4DB4-990C-95C1E0C5E322}.Release|Win32.ActiveCfg = Release|Any CPU
		{326650CB-B2EF-4DB4-990C-95C1E0C5E322}.Release|x64.ActiveCfg = Release|Any CPU
		{326650CB-B2EF-4DB4-990C-95C1E0C5E322}.Release|x64.Build.0 = Release|Any CPU
		{326650CB-B2EF-4DB4-990C-95C1E0C5E322}.Release|x86.ActiveCfg = Release|Any CPU
		{326650CB-B2EF-4DB4-990C-95C1E0C5E322}.Release|x86.Build.0 = Release|Any CPU
		{7F95AFC8-14CC-4451-BB8C-3E272F1B10BE}.Debug|Any CPU.ActiveCfg = Debug|Any CPU
		{7F95AFC8-14CC-4451-BB8C-3E272F1B10BE}.Debug|Any CPU.Build.0 = Debug|Any CPU
		{7F95AFC8-14CC-4451-BB8C-3E272F1B10BE}.Debug|Mixed Platforms.ActiveCfg = Debug|Any CPU
		{7F95AFC8-14CC-4451-BB8C-3E272F1B10BE}.Debug|Mixed Platforms.Build.0 = Debug|Any CPU
		{7F95AFC8-14CC-4451-BB8C-3E272F1B10BE}.Debug|Win32.ActiveCfg = Debug|Any CPU
		{7F95AFC8-14CC-4451-BB8C-3E272F1B10BE}.Debug|x64.ActiveCfg = Debug|Any CPU
		{7F95AFC8-14CC-4451-BB8C-3E272F1B10BE}.Debug|x64.Build.0 = Debug|Any CPU
		{7F95AFC8-14CC-4451-BB8C-3E272F1B10BE}.Debug|x86.ActiveCfg = Debug|Any CPU
		{7F95AFC8-14CC-4451-BB8C-3E272F1B10BE}.Debug|x86.Build.0 = Debug|Any CPU
		{7F95AFC8-14CC-4451-BB8C-3E272F1B10BE}.Release|Any CPU.ActiveCfg = Release|Any CPU
		{7F95AFC8-14CC-4451-BB8C-3E272F1B10BE}.Release|Any CPU.Build.0 = Release|Any CPU
		{7F95AFC8-14CC-4451-BB8C-3E272F1B10BE}.Release|Mixed Platforms.ActiveCfg = Release|Any CPU
		{7F95AFC8-14CC-4451-BB8C-3E272F1B10BE}.Release|Mixed Platforms.Build.0 = Release|Any CPU
		{7F95AFC8-14CC-4451-BB8C-3E272F1B10BE}.Release|Win32.ActiveCfg = Release|Any CPU
		{7F95AFC8-14CC-4451-BB8C-3E272F1B10BE}.Release|x64.ActiveCfg = Release|Any CPU
		{7F95AFC8-14CC-4451-BB8C-3E272F1B10BE}.Release|x64.Build.0 = Release|Any CPU
		{7F95AFC8-14CC-4451-BB8C-3E272F1B10BE}.Release|x86.ActiveCfg = Release|Any CPU
		{7F95AFC8-14CC-4451-BB8C-3E272F1B10BE}.Release|x86.Build.0 = Release|Any CPU
		{1FF8CC06-E996-4ADC-AE9F-F6758A8865C9}.Debug|Any CPU.ActiveCfg = Debug|Any CPU
		{1FF8CC06-E996-4ADC-AE9F-F6758A8865C9}.Debug|Any CPU.Build.0 = Debug|Any CPU
		{1FF8CC06-E996-4ADC-AE9F-F6758A8865C9}.Debug|Mixed Platforms.ActiveCfg = Debug|Any CPU
		{1FF8CC06-E996-4ADC-AE9F-F6758A8865C9}.Debug|Mixed Platforms.Build.0 = Debug|Any CPU
		{1FF8CC06-E996-4ADC-AE9F-F6758A8865C9}.Debug|Win32.ActiveCfg = Debug|Any CPU
		{1FF8CC06-E996-4ADC-AE9F-F6758A8865C9}.Debug|x64.ActiveCfg = Debug|Any CPU
		{1FF8CC06-E996-4ADC-AE9F-F6758A8865C9}.Debug|x64.Build.0 = Debug|Any CPU
		{1FF8CC06-E996-4ADC-AE9F-F6758A8865C9}.Debug|x86.ActiveCfg = Debug|Any CPU
		{1FF8CC06-E996-4ADC-AE9F-F6758A8865C9}.Debug|x86.Build.0 = Debug|Any CPU
		{1FF8CC06-E996-4ADC-AE9F-F6758A8865C9}.Release|Any CPU.ActiveCfg = Release|Any CPU
		{1FF8CC06-E996-4ADC-AE9F-F6758A8865C9}.Release|Any CPU.Build.0 = Release|Any CPU
		{1FF8CC06-E996-4ADC-AE9F-F6758A8865C9}.Release|Mixed Platforms.ActiveCfg = Release|Any CPU
		{1FF8CC06-E996-4ADC-AE9F-F6758A8865C9}.Release|Mixed Platforms.Build.0 = Release|Any CPU
		{1FF8CC06-E996-4ADC-AE9F-F6758A8865C9}.Release|Win32.ActiveCfg = Release|Any CPU
		{1FF8CC06-E996-4ADC-AE9F-F6758A8865C9}.Release|x64.ActiveCfg = Release|Any CPU
		{1FF8CC06-E996-4ADC-AE9F-F6758A8865C9}.Release|x64.Build.0 = Release|Any CPU
		{1FF8CC06-E996-4ADC-AE9F-F6758A8865C9}.Release|x86.ActiveCfg = Release|Any CPU
		{1FF8CC06-E996-4ADC-AE9F-F6758A8865C9}.Release|x86.Build.0 = Release|Any CPU
		{52A8A6B6-8106-49B7-AF3A-54FBF2F1595D}.Debug|Any CPU.ActiveCfg = Debug|Any CPU
		{52A8A6B6-8106-49B7-AF3A-54FBF2F1595D}.Debug|Any CPU.Build.0 = Debug|Any CPU
		{52A8A6B6-8106-49B7-AF3A-54FBF2F1595D}.Debug|Mixed Platforms.ActiveCfg = Debug|Any CPU
		{52A8A6B6-8106-49B7-AF3A-54FBF2F1595D}.Debug|Mixed Platforms.Build.0 = Debug|Any CPU
		{52A8A6B6-8106-49B7-AF3A-54FBF2F1595D}.Debug|Win32.ActiveCfg = Debug|Any CPU
		{52A8A6B6-8106-49B7-AF3A-54FBF2F1595D}.Debug|x64.ActiveCfg = Debug|Any CPU
		{52A8A6B6-8106-49B7-AF3A-54FBF2F1595D}.Debug|x64.Build.0 = Debug|Any CPU
		{52A8A6B6-8106-49B7-AF3A-54FBF2F1595D}.Debug|x86.ActiveCfg = Debug|Any CPU
		{52A8A6B6-8106-49B7-AF3A-54FBF2F1595D}.Debug|x86.Build.0 = Debug|Any CPU
		{52A8A6B6-8106-49B7-AF3A-54FBF2F1595D}.Release|Any CPU.ActiveCfg = Release|Any CPU
		{52A8A6B6-8106-49B7-AF3A-54FBF2F1595D}.Release|Any CPU.Build.0 = Release|Any CPU
		{52A8A6B6-8106-49B7-AF3A-54FBF2F1595D}.Release|Mixed Platforms.ActiveCfg = Release|Any CPU
		{52A8A6B6-8106-49B7-AF3A-54FBF2F1595D}.Release|Mixed Platforms.Build.0 = Release|Any CPU
		{52A8A6B6-8106-49B7-AF3A-54FBF2F1595D}.Release|Win32.ActiveCfg = Release|Any CPU
		{52A8A6B6-8106-49B7-AF3A-54FBF2F1595D}.Release|x64.ActiveCfg = Release|Any CPU
		{52A8A6B6-8106-49B7-AF3A-54FBF2F1595D}.Release|x64.Build.0 = Release|Any CPU
		{52A8A6B6-8106-49B7-AF3A-54FBF2F1595D}.Release|x86.ActiveCfg = Release|Any CPU
		{52A8A6B6-8106-49B7-AF3A-54FBF2F1595D}.Release|x86.Build.0 = Release|Any CPU
		{6719F736-735A-42C5-8C88-A0386B4DB795}.Debug|Any CPU.ActiveCfg = Debug|Any CPU
		{6719F736-735A-42C5-8C88-A0386B4DB795}.Debug|Any CPU.Build.0 = Debug|Any CPU
		{6719F736-735A-42C5-8C88-A0386B4DB795}.Debug|Mixed Platforms.ActiveCfg = Debug|Any CPU
		{6719F736-735A-42C5-8C88-A0386B4DB795}.Debug|Mixed Platforms.Build.0 = Debug|Any CPU
		{6719F736-735A-42C5-8C88-A0386B4DB795}.Debug|Win32.ActiveCfg = Debug|Any CPU
		{6719F736-735A-42C5-8C88-A0386B4DB795}.Debug|x64.ActiveCfg = Debug|Any CPU
		{6719F736-735A-42C5-8C88-A0386B4DB795}.Debug|x64.Build.0 = Debug|Any CPU
		{6719F736-735A-42C5-8C88-A0386B4DB795}.Debug|x86.ActiveCfg = Debug|Any CPU
		{6719F736-735A-42C5-8C88-A0386B4DB795}.Debug|x86.Build.0 = Debug|Any CPU
		{6719F736-735A-42C5-8C88-A0386B4DB795}.Release|Any CPU.ActiveCfg = Release|Any CPU
		{6719F736-735A-42C5-8C88-A0386B4DB795}.Release|Any CPU.Build.0 = Release|Any CPU
		{6719F736-735A-42C5-8C88-A0386B4DB795}.Release|Mixed Platforms.ActiveCfg = Release|Any CPU
		{6719F736-735A-42C5-8C88-A0386B4DB795}.Release|Mixed Platforms.Build.0 = Release|Any CPU
		{6719F736-735A-42C5-8C88-A0386B4DB795}.Release|Win32.ActiveCfg = Release|Any CPU
		{6719F736-735A-42C5-8C88-A0386B4DB795}.Release|x64.ActiveCfg = Release|Any CPU
		{6719F736-735A-42C5-8C88-A0386B4DB795}.Release|x64.Build.0 = Release|Any CPU
		{6719F736-735A-42C5-8C88-A0386B4DB795}.Release|x86.ActiveCfg = Release|Any CPU
		{6719F736-735A-42C5-8C88-A0386B4DB795}.Release|x86.Build.0 = Release|Any CPU
		{C8231AD2-7E36-4D4D-9605-1B563CAFBFC4}.Debug|Any CPU.ActiveCfg = Debug|Any CPU
		{C8231AD2-7E36-4D4D-9605-1B563CAFBFC4}.Debug|Any CPU.Build.0 = Debug|Any CPU
		{C8231AD2-7E36-4D4D-9605-1B563CAFBFC4}.Debug|Mixed Platforms.ActiveCfg = Debug|Any CPU
		{C8231AD2-7E36-4D4D-9605-1B563CAFBFC4}.Debug|Mixed Platforms.Build.0 = Debug|Any CPU
		{C8231AD2-7E36-4D4D-9605-1B563CAFBFC4}.Debug|Win32.ActiveCfg = Debug|Any CPU
		{C8231AD2-7E36-4D4D-9605-1B563CAFBFC4}.Debug|x64.ActiveCfg = Debug|Any CPU
		{C8231AD2-7E36-4D4D-9605-1B563CAFBFC4}.Debug|x64.Build.0 = Debug|Any CPU
		{C8231AD2-7E36-4D4D-9605-1B563CAFBFC4}.Debug|x86.ActiveCfg = Debug|Any CPU
		{C8231AD2-7E36-4D4D-9605-1B563CAFBFC4}.Debug|x86.Build.0 = Debug|Any CPU
		{C8231AD2-7E36-4D4D-9605-1B563CAFBFC4}.Release|Any CPU.ActiveCfg = Release|Any CPU
		{C8231AD2-7E36-4D4D-9605-1B563CAFBFC4}.Release|Any CPU.Build.0 = Release|Any CPU
		{C8231AD2-7E36-4D4D-9605-1B563CAFBFC4}.Release|Mixed Platforms.ActiveCfg = Release|Any CPU
		{C8231AD2-7E36-4D4D-9605-1B563CAFBFC4}.Release|Mixed Platforms.Build.0 = Release|Any CPU
		{C8231AD2-7E36-4D4D-9605-1B563CAFBFC4}.Release|Win32.ActiveCfg = Release|Any CPU
		{C8231AD2-7E36-4D4D-9605-1B563CAFBFC4}.Release|x64.ActiveCfg = Release|Any CPU
		{C8231AD2-7E36-4D4D-9605-1B563CAFBFC4}.Release|x64.Build.0 = Release|Any CPU
		{C8231AD2-7E36-4D4D-9605-1B563CAFBFC4}.Release|x86.ActiveCfg = Release|Any CPU
		{C8231AD2-7E36-4D4D-9605-1B563CAFBFC4}.Release|x86.Build.0 = Release|Any CPU
		{D71465D2-9AE3-4C11-A42B-8800A7E6EFFA}.Debug|Any CPU.ActiveCfg = Debug|Any CPU
		{D71465D2-9AE3-4C11-A42B-8800A7E6EFFA}.Debug|Any CPU.Build.0 = Debug|Any CPU
		{D71465D2-9AE3-4C11-A42B-8800A7E6EFFA}.Debug|Mixed Platforms.ActiveCfg = Debug|Any CPU
		{D71465D2-9AE3-4C11-A42B-8800A7E6EFFA}.Debug|Mixed Platforms.Build.0 = Debug|Any CPU
		{D71465D2-9AE3-4C11-A42B-8800A7E6EFFA}.Debug|Win32.ActiveCfg = Debug|Any CPU
		{D71465D2-9AE3-4C11-A42B-8800A7E6EFFA}.Debug|x64.ActiveCfg = Debug|Any CPU
		{D71465D2-9AE3-4C11-A42B-8800A7E6EFFA}.Debug|x64.Build.0 = Debug|Any CPU
		{D71465D2-9AE3-4C11-A42B-8800A7E6EFFA}.Debug|x86.ActiveCfg = Debug|Any CPU
		{D71465D2-9AE3-4C11-A42B-8800A7E6EFFA}.Debug|x86.Build.0 = Debug|Any CPU
		{D71465D2-9AE3-4C11-A42B-8800A7E6EFFA}.Release|Any CPU.ActiveCfg = Release|Any CPU
		{D71465D2-9AE3-4C11-A42B-8800A7E6EFFA}.Release|Any CPU.Build.0 = Release|Any CPU
		{D71465D2-9AE3-4C11-A42B-8800A7E6EFFA}.Release|Mixed Platforms.ActiveCfg = Release|Any CPU
		{D71465D2-9AE3-4C11-A42B-8800A7E6EFFA}.Release|Mixed Platforms.Build.0 = Release|Any CPU
		{D71465D2-9AE3-4C11-A42B-8800A7E6EFFA}.Release|Win32.ActiveCfg = Release|Any CPU
		{D71465D2-9AE3-4C11-A42B-8800A7E6EFFA}.Release|x64.ActiveCfg = Release|Any CPU
		{D71465D2-9AE3-4C11-A42B-8800A7E6EFFA}.Release|x64.Build.0 = Release|Any CPU
		{D71465D2-9AE3-4C11-A42B-8800A7E6EFFA}.Release|x86.ActiveCfg = Release|Any CPU
		{D71465D2-9AE3-4C11-A42B-8800A7E6EFFA}.Release|x86.Build.0 = Release|Any CPU
		{A1675FB2-0999-4D2D-A537-C07B4DC3D2FA}.Debug|Any CPU.ActiveCfg = Debug|Any CPU
		{A1675FB2-0999-4D2D-A537-C07B4DC3D2FA}.Debug|Any CPU.Build.0 = Debug|Any CPU
		{A1675FB2-0999-4D2D-A537-C07B4DC3D2FA}.Debug|Mixed Platforms.ActiveCfg = Debug|Any CPU
		{A1675FB2-0999-4D2D-A537-C07B4DC3D2FA}.Debug|Mixed Platforms.Build.0 = Debug|Any CPU
		{A1675FB2-0999-4D2D-A537-C07B4DC3D2FA}.Debug|Win32.ActiveCfg = Debug|Any CPU
		{A1675FB2-0999-4D2D-A537-C07B4DC3D2FA}.Debug|x64.ActiveCfg = Debug|Any CPU
		{A1675FB2-0999-4D2D-A537-C07B4DC3D2FA}.Debug|x64.Build.0 = Debug|Any CPU
		{A1675FB2-0999-4D2D-A537-C07B4DC3D2FA}.Debug|x86.ActiveCfg = Debug|Any CPU
		{A1675FB2-0999-4D2D-A537-C07B4DC3D2FA}.Debug|x86.Build.0 = Debug|Any CPU
		{A1675FB2-0999-4D2D-A537-C07B4DC3D2FA}.Release|Any CPU.ActiveCfg = Release|Any CPU
		{A1675FB2-0999-4D2D-A537-C07B4DC3D2FA}.Release|Any CPU.Build.0 = Release|Any CPU
		{A1675FB2-0999-4D2D-A537-C07B4DC3D2FA}.Release|Mixed Platforms.ActiveCfg = Release|Any CPU
		{A1675FB2-0999-4D2D-A537-C07B4DC3D2FA}.Release|Mixed Platforms.Build.0 = Release|Any CPU
		{A1675FB2-0999-4D2D-A537-C07B4DC3D2FA}.Release|Win32.ActiveCfg = Release|Any CPU
		{A1675FB2-0999-4D2D-A537-C07B4DC3D2FA}.Release|x64.ActiveCfg = Release|Any CPU
		{A1675FB2-0999-4D2D-A537-C07B4DC3D2FA}.Release|x64.Build.0 = Release|Any CPU
		{A1675FB2-0999-4D2D-A537-C07B4DC3D2FA}.Release|x86.ActiveCfg = Release|Any CPU
		{A1675FB2-0999-4D2D-A537-C07B4DC3D2FA}.Release|x86.Build.0 = Release|Any CPU
		{45DEF5B8-1274-401A-A683-48A49AC86767}.Debug|Any CPU.ActiveCfg = Debug|Any CPU
		{45DEF5B8-1274-401A-A683-48A49AC86767}.Debug|Any CPU.Build.0 = Debug|Any CPU
		{45DEF5B8-1274-401A-A683-48A49AC86767}.Debug|Mixed Platforms.ActiveCfg = Debug|Any CPU
		{45DEF5B8-1274-401A-A683-48A49AC86767}.Debug|Mixed Platforms.Build.0 = Debug|Any CPU
		{45DEF5B8-1274-401A-A683-48A49AC86767}.Debug|Win32.ActiveCfg = Debug|Any CPU
		{45DEF5B8-1274-401A-A683-48A49AC86767}.Debug|x64.ActiveCfg = Debug|Any CPU
		{45DEF5B8-1274-401A-A683-48A49AC86767}.Debug|x64.Build.0 = Debug|Any CPU
		{45DEF5B8-1274-401A-A683-48A49AC86767}.Debug|x86.ActiveCfg = Debug|Any CPU
		{45DEF5B8-1274-401A-A683-48A49AC86767}.Debug|x86.Build.0 = Debug|Any CPU
		{45DEF5B8-1274-401A-A683-48A49AC86767}.Release|Any CPU.ActiveCfg = Release|Any CPU
		{45DEF5B8-1274-401A-A683-48A49AC86767}.Release|Any CPU.Build.0 = Release|Any CPU
		{45DEF5B8-1274-401A-A683-48A49AC86767}.Release|Mixed Platforms.ActiveCfg = Release|Any CPU
		{45DEF5B8-1274-401A-A683-48A49AC86767}.Release|Mixed Platforms.Build.0 = Release|Any CPU
		{45DEF5B8-1274-401A-A683-48A49AC86767}.Release|Win32.ActiveCfg = Release|Any CPU
		{45DEF5B8-1274-401A-A683-48A49AC86767}.Release|x64.ActiveCfg = Release|Any CPU
		{45DEF5B8-1274-401A-A683-48A49AC86767}.Release|x64.Build.0 = Release|Any CPU
		{45DEF5B8-1274-401A-A683-48A49AC86767}.Release|x86.ActiveCfg = Release|Any CPU
		{45DEF5B8-1274-401A-A683-48A49AC86767}.Release|x86.Build.0 = Release|Any CPU
		{9CD525E2-8AE7-483C-B84D-292F03E4ABEF}.Debug|Any CPU.ActiveCfg = Debug|Any CPU
		{9CD525E2-8AE7-483C-B84D-292F03E4ABEF}.Debug|Any CPU.Build.0 = Debug|Any CPU
		{9CD525E2-8AE7-483C-B84D-292F03E4ABEF}.Debug|Mixed Platforms.ActiveCfg = Debug|Any CPU
		{9CD525E2-8AE7-483C-B84D-292F03E4ABEF}.Debug|Mixed Platforms.Build.0 = Debug|Any CPU
		{9CD525E2-8AE7-483C-B84D-292F03E4ABEF}.Debug|Win32.ActiveCfg = Debug|Any CPU
		{9CD525E2-8AE7-483C-B84D-292F03E4ABEF}.Debug|x64.ActiveCfg = Debug|Any CPU
		{9CD525E2-8AE7-483C-B84D-292F03E4ABEF}.Debug|x86.ActiveCfg = Debug|Any CPU
		{9CD525E2-8AE7-483C-B84D-292F03E4ABEF}.Release|Any CPU.ActiveCfg = Release|Any CPU
		{9CD525E2-8AE7-483C-B84D-292F03E4ABEF}.Release|Any CPU.Build.0 = Release|Any CPU
		{9CD525E2-8AE7-483C-B84D-292F03E4ABEF}.Release|Mixed Platforms.ActiveCfg = Release|Any CPU
		{9CD525E2-8AE7-483C-B84D-292F03E4ABEF}.Release|Mixed Platforms.Build.0 = Release|Any CPU
		{9CD525E2-8AE7-483C-B84D-292F03E4ABEF}.Release|Win32.ActiveCfg = Release|Any CPU
		{9CD525E2-8AE7-483C-B84D-292F03E4ABEF}.Release|x64.ActiveCfg = Release|Any CPU
		{9CD525E2-8AE7-483C-B84D-292F03E4ABEF}.Release|x86.ActiveCfg = Release|Any CPU
		{BA4C73A6-8CE5-475D-8597-9A56E0B8BD59}.Debug|Any CPU.ActiveCfg = Debug|Any CPU
		{BA4C73A6-8CE5-475D-8597-9A56E0B8BD59}.Debug|Any CPU.Build.0 = Debug|Any CPU
		{BA4C73A6-8CE5-475D-8597-9A56E0B8BD59}.Debug|Mixed Platforms.ActiveCfg = Debug|Any CPU
		{BA4C73A6-8CE5-475D-8597-9A56E0B8BD59}.Debug|Mixed Platforms.Build.0 = Debug|Any CPU
		{BA4C73A6-8CE5-475D-8597-9A56E0B8BD59}.Debug|Win32.ActiveCfg = Debug|Any CPU
		{BA4C73A6-8CE5-475D-8597-9A56E0B8BD59}.Debug|x64.ActiveCfg = Debug|Any CPU
		{BA4C73A6-8CE5-475D-8597-9A56E0B8BD59}.Debug|x86.ActiveCfg = Debug|Any CPU
		{BA4C73A6-8CE5-475D-8597-9A56E0B8BD59}.Release|Any CPU.ActiveCfg = Release|Any CPU
		{BA4C73A6-8CE5-475D-8597-9A56E0B8BD59}.Release|Any CPU.Build.0 = Release|Any CPU
		{BA4C73A6-8CE5-475D-8597-9A56E0B8BD59}.Release|Mixed Platforms.ActiveCfg = Release|Any CPU
		{BA4C73A6-8CE5-475D-8597-9A56E0B8BD59}.Release|Mixed Platforms.Build.0 = Release|Any CPU
		{BA4C73A6-8CE5-475D-8597-9A56E0B8BD59}.Release|Win32.ActiveCfg = Release|Any CPU
		{BA4C73A6-8CE5-475D-8597-9A56E0B8BD59}.Release|x64.ActiveCfg = Release|Any CPU
		{BA4C73A6-8CE5-475D-8597-9A56E0B8BD59}.Release|x86.ActiveCfg = Release|Any CPU
		{3C9C405C-3EEC-48F5-A5AC-9BA9B9F9AE50}.Debug|Any CPU.ActiveCfg = Debug|Any CPU
		{3C9C405C-3EEC-48F5-A5AC-9BA9B9F9AE50}.Debug|Any CPU.Build.0 = Debug|Any CPU
		{3C9C405C-3EEC-48F5-A5AC-9BA9B9F9AE50}.Debug|Mixed Platforms.ActiveCfg = Debug|Any CPU
		{3C9C405C-3EEC-48F5-A5AC-9BA9B9F9AE50}.Debug|Mixed Platforms.Build.0 = Debug|Any CPU
		{3C9C405C-3EEC-48F5-A5AC-9BA9B9F9AE50}.Debug|Win32.ActiveCfg = Debug|Any CPU
		{3C9C405C-3EEC-48F5-A5AC-9BA9B9F9AE50}.Debug|x64.ActiveCfg = Debug|Any CPU
		{3C9C405C-3EEC-48F5-A5AC-9BA9B9F9AE50}.Debug|x86.ActiveCfg = Debug|Any CPU
		{3C9C405C-3EEC-48F5-A5AC-9BA9B9F9AE50}.Release|Any CPU.ActiveCfg = Release|Any CPU
		{3C9C405C-3EEC-48F5-A5AC-9BA9B9F9AE50}.Release|Any CPU.Build.0 = Release|Any CPU
		{3C9C405C-3EEC-48F5-A5AC-9BA9B9F9AE50}.Release|Mixed Platforms.ActiveCfg = Release|Any CPU
		{3C9C405C-3EEC-48F5-A5AC-9BA9B9F9AE50}.Release|Mixed Platforms.Build.0 = Release|Any CPU
		{3C9C405C-3EEC-48F5-A5AC-9BA9B9F9AE50}.Release|Win32.ActiveCfg = Release|Any CPU
		{3C9C405C-3EEC-48F5-A5AC-9BA9B9F9AE50}.Release|x64.ActiveCfg = Release|Any CPU
		{3C9C405C-3EEC-48F5-A5AC-9BA9B9F9AE50}.Release|x86.ActiveCfg = Release|Any CPU
		{DFFFDD9F-BADA-4924-85C7-215BE337A2DC}.Debug|Any CPU.ActiveCfg = Debug|Any CPU
		{DFFFDD9F-BADA-4924-85C7-215BE337A2DC}.Debug|Any CPU.Build.0 = Debug|Any CPU
		{DFFFDD9F-BADA-4924-85C7-215BE337A2DC}.Debug|Mixed Platforms.ActiveCfg = Debug|Any CPU
		{DFFFDD9F-BADA-4924-85C7-215BE337A2DC}.Debug|Mixed Platforms.Build.0 = Debug|Any CPU
		{DFFFDD9F-BADA-4924-85C7-215BE337A2DC}.Debug|Win32.ActiveCfg = Debug|Any CPU
		{DFFFDD9F-BADA-4924-85C7-215BE337A2DC}.Debug|x64.ActiveCfg = Debug|Any CPU
		{DFFFDD9F-BADA-4924-85C7-215BE337A2DC}.Debug|x86.ActiveCfg = Debug|Any CPU
		{DFFFDD9F-BADA-4924-85C7-215BE337A2DC}.Release|Any CPU.ActiveCfg = Release|Any CPU
		{DFFFDD9F-BADA-4924-85C7-215BE337A2DC}.Release|Any CPU.Build.0 = Release|Any CPU
		{DFFFDD9F-BADA-4924-85C7-215BE337A2DC}.Release|Mixed Platforms.ActiveCfg = Release|Any CPU
		{DFFFDD9F-BADA-4924-85C7-215BE337A2DC}.Release|Mixed Platforms.Build.0 = Release|Any CPU
		{DFFFDD9F-BADA-4924-85C7-215BE337A2DC}.Release|Win32.ActiveCfg = Release|Any CPU
		{DFFFDD9F-BADA-4924-85C7-215BE337A2DC}.Release|x64.ActiveCfg = Release|Any CPU
		{DFFFDD9F-BADA-4924-85C7-215BE337A2DC}.Release|x86.ActiveCfg = Release|Any CPU
		{B5D1C9DA-D5F6-42CD-B639-E6796DD2BDBB}.Debug|Any CPU.ActiveCfg = Debug|Any CPU
		{B5D1C9DA-D5F6-42CD-B639-E6796DD2BDBB}.Debug|Any CPU.Build.0 = Debug|Any CPU
		{B5D1C9DA-D5F6-42CD-B639-E6796DD2BDBB}.Debug|Mixed Platforms.ActiveCfg = Debug|Any CPU
		{B5D1C9DA-D5F6-42CD-B639-E6796DD2BDBB}.Debug|Mixed Platforms.Build.0 = Debug|Any CPU
		{B5D1C9DA-D5F6-42CD-B639-E6796DD2BDBB}.Debug|Win32.ActiveCfg = Debug|Any CPU
		{B5D1C9DA-D5F6-42CD-B639-E6796DD2BDBB}.Debug|x64.ActiveCfg = Debug|Any CPU
		{B5D1C9DA-D5F6-42CD-B639-E6796DD2BDBB}.Debug|x86.ActiveCfg = Debug|Any CPU
		{B5D1C9DA-D5F6-42CD-B639-E6796DD2BDBB}.Release|Any CPU.ActiveCfg = Release|Any CPU
		{B5D1C9DA-D5F6-42CD-B639-E6796DD2BDBB}.Release|Any CPU.Build.0 = Release|Any CPU
		{B5D1C9DA-D5F6-42CD-B639-E6796DD2BDBB}.Release|Mixed Platforms.ActiveCfg = Release|Any CPU
		{B5D1C9DA-D5F6-42CD-B639-E6796DD2BDBB}.Release|Mixed Platforms.Build.0 = Release|Any CPU
		{B5D1C9DA-D5F6-42CD-B639-E6796DD2BDBB}.Release|Win32.ActiveCfg = Release|Any CPU
		{B5D1C9DA-D5F6-42CD-B639-E6796DD2BDBB}.Release|x64.ActiveCfg = Release|Any CPU
		{B5D1C9DA-D5F6-42CD-B639-E6796DD2BDBB}.Release|x86.ActiveCfg = Release|Any CPU
		{A0C2DC2F-4AC7-4AEA-847D-A1A51AF02130}.Debug|Any CPU.ActiveCfg = Debug|Any CPU
		{A0C2DC2F-4AC7-4AEA-847D-A1A51AF02130}.Debug|Any CPU.Build.0 = Debug|Any CPU
		{A0C2DC2F-4AC7-4AEA-847D-A1A51AF02130}.Debug|Mixed Platforms.ActiveCfg = Debug|Any CPU
		{A0C2DC2F-4AC7-4AEA-847D-A1A51AF02130}.Debug|Mixed Platforms.Build.0 = Debug|Any CPU
		{A0C2DC2F-4AC7-4AEA-847D-A1A51AF02130}.Debug|Win32.ActiveCfg = Debug|Any CPU
		{A0C2DC2F-4AC7-4AEA-847D-A1A51AF02130}.Debug|x64.ActiveCfg = Debug|Any CPU
		{A0C2DC2F-4AC7-4AEA-847D-A1A51AF02130}.Debug|x86.ActiveCfg = Debug|Any CPU
		{A0C2DC2F-4AC7-4AEA-847D-A1A51AF02130}.Release|Any CPU.ActiveCfg = Release|Any CPU
		{A0C2DC2F-4AC7-4AEA-847D-A1A51AF02130}.Release|Any CPU.Build.0 = Release|Any CPU
		{A0C2DC2F-4AC7-4AEA-847D-A1A51AF02130}.Release|Mixed Platforms.ActiveCfg = Release|Any CPU
		{A0C2DC2F-4AC7-4AEA-847D-A1A51AF02130}.Release|Mixed Platforms.Build.0 = Release|Any CPU
		{A0C2DC2F-4AC7-4AEA-847D-A1A51AF02130}.Release|Win32.ActiveCfg = Release|Any CPU
		{A0C2DC2F-4AC7-4AEA-847D-A1A51AF02130}.Release|x64.ActiveCfg = Release|Any CPU
		{A0C2DC2F-4AC7-4AEA-847D-A1A51AF02130}.Release|x86.ActiveCfg = Release|Any CPU
		{FE558025-6F89-4145-8005-DE61F2A983B5}.Debug|Any CPU.ActiveCfg = Debug|Any CPU
		{FE558025-6F89-4145-8005-DE61F2A983B5}.Debug|Any CPU.Build.0 = Debug|Any CPU
		{FE558025-6F89-4145-8005-DE61F2A983B5}.Debug|Mixed Platforms.ActiveCfg = Debug|Any CPU
		{FE558025-6F89-4145-8005-DE61F2A983B5}.Debug|Mixed Platforms.Build.0 = Debug|Any CPU
		{FE558025-6F89-4145-8005-DE61F2A983B5}.Debug|Win32.ActiveCfg = Debug|Any CPU
		{FE558025-6F89-4145-8005-DE61F2A983B5}.Debug|x64.ActiveCfg = Debug|Any CPU
		{FE558025-6F89-4145-8005-DE61F2A983B5}.Debug|x86.ActiveCfg = Debug|Any CPU
		{FE558025-6F89-4145-8005-DE61F2A983B5}.Release|Any CPU.ActiveCfg = Release|Any CPU
		{FE558025-6F89-4145-8005-DE61F2A983B5}.Release|Any CPU.Build.0 = Release|Any CPU
		{FE558025-6F89-4145-8005-DE61F2A983B5}.Release|Mixed Platforms.ActiveCfg = Release|Any CPU
		{FE558025-6F89-4145-8005-DE61F2A983B5}.Release|Mixed Platforms.Build.0 = Release|Any CPU
		{FE558025-6F89-4145-8005-DE61F2A983B5}.Release|Win32.ActiveCfg = Release|Any CPU
		{FE558025-6F89-4145-8005-DE61F2A983B5}.Release|x64.ActiveCfg = Release|Any CPU
		{FE558025-6F89-4145-8005-DE61F2A983B5}.Release|x86.ActiveCfg = Release|Any CPU
		{89967409-836E-4416-92F6-418748410072}.Debug|Any CPU.ActiveCfg = Debug|Any CPU
		{89967409-836E-4416-92F6-418748410072}.Debug|Any CPU.Build.0 = Debug|Any CPU
		{89967409-836E-4416-92F6-418748410072}.Debug|Mixed Platforms.ActiveCfg = Debug|Any CPU
		{89967409-836E-4416-92F6-418748410072}.Debug|Mixed Platforms.Build.0 = Debug|Any CPU
		{89967409-836E-4416-92F6-418748410072}.Debug|Win32.ActiveCfg = Debug|Any CPU
		{89967409-836E-4416-92F6-418748410072}.Debug|x64.ActiveCfg = Debug|Any CPU
		{89967409-836E-4416-92F6-418748410072}.Debug|x86.ActiveCfg = Debug|Any CPU
		{89967409-836E-4416-92F6-418748410072}.Release|Any CPU.ActiveCfg = Release|Any CPU
		{89967409-836E-4416-92F6-418748410072}.Release|Any CPU.Build.0 = Release|Any CPU
		{89967409-836E-4416-92F6-418748410072}.Release|Mixed Platforms.ActiveCfg = Release|Any CPU
		{89967409-836E-4416-92F6-418748410072}.Release|Mixed Platforms.Build.0 = Release|Any CPU
		{89967409-836E-4416-92F6-418748410072}.Release|Win32.ActiveCfg = Release|Any CPU
		{89967409-836E-4416-92F6-418748410072}.Release|x64.ActiveCfg = Release|Any CPU
		{89967409-836E-4416-92F6-418748410072}.Release|x86.ActiveCfg = Release|Any CPU
		{5A310396-7673-450C-8BD2-C1FBD192669B}.Debug|Any CPU.ActiveCfg = Debug|Any CPU
		{5A310396-7673-450C-8BD2-C1FBD192669B}.Debug|Any CPU.Build.0 = Debug|Any CPU
		{5A310396-7673-450C-8BD2-C1FBD192669B}.Debug|Mixed Platforms.ActiveCfg = Debug|Any CPU
		{5A310396-7673-450C-8BD2-C1FBD192669B}.Debug|Mixed Platforms.Build.0 = Debug|Any CPU
		{5A310396-7673-450C-8BD2-C1FBD192669B}.Debug|Win32.ActiveCfg = Debug|Any CPU
		{5A310396-7673-450C-8BD2-C1FBD192669B}.Debug|x64.ActiveCfg = Debug|Any CPU
		{5A310396-7673-450C-8BD2-C1FBD192669B}.Debug|x86.ActiveCfg = Debug|Any CPU
		{5A310396-7673-450C-8BD2-C1FBD192669B}.Release|Any CPU.ActiveCfg = Release|Any CPU
		{5A310396-7673-450C-8BD2-C1FBD192669B}.Release|Any CPU.Build.0 = Release|Any CPU
		{5A310396-7673-450C-8BD2-C1FBD192669B}.Release|Mixed Platforms.ActiveCfg = Release|Any CPU
		{5A310396-7673-450C-8BD2-C1FBD192669B}.Release|Mixed Platforms.Build.0 = Release|Any CPU
		{5A310396-7673-450C-8BD2-C1FBD192669B}.Release|Win32.ActiveCfg = Release|Any CPU
		{5A310396-7673-450C-8BD2-C1FBD192669B}.Release|x64.ActiveCfg = Release|Any CPU
		{5A310396-7673-450C-8BD2-C1FBD192669B}.Release|x86.ActiveCfg = Release|Any CPU
		{2EB4AB1C-1546-407C-A972-0AD9C10F8993}.Debug|Any CPU.ActiveCfg = Debug|Any CPU
		{2EB4AB1C-1546-407C-A972-0AD9C10F8993}.Debug|Any CPU.Build.0 = Debug|Any CPU
		{2EB4AB1C-1546-407C-A972-0AD9C10F8993}.Debug|Mixed Platforms.ActiveCfg = Debug|Any CPU
		{2EB4AB1C-1546-407C-A972-0AD9C10F8993}.Debug|Mixed Platforms.Build.0 = Debug|Any CPU
		{2EB4AB1C-1546-407C-A972-0AD9C10F8993}.Debug|Win32.ActiveCfg = Debug|Any CPU
		{2EB4AB1C-1546-407C-A972-0AD9C10F8993}.Debug|x64.ActiveCfg = Debug|Any CPU
		{2EB4AB1C-1546-407C-A972-0AD9C10F8993}.Debug|x86.ActiveCfg = Debug|Any CPU
		{2EB4AB1C-1546-407C-A972-0AD9C10F8993}.Release|Any CPU.ActiveCfg = Release|Any CPU
		{2EB4AB1C-1546-407C-A972-0AD9C10F8993}.Release|Any CPU.Build.0 = Release|Any CPU
		{2EB4AB1C-1546-407C-A972-0AD9C10F8993}.Release|Mixed Platforms.ActiveCfg = Release|Any CPU
		{2EB4AB1C-1546-407C-A972-0AD9C10F8993}.Release|Mixed Platforms.Build.0 = Release|Any CPU
		{2EB4AB1C-1546-407C-A972-0AD9C10F8993}.Release|Win32.ActiveCfg = Release|Any CPU
		{2EB4AB1C-1546-407C-A972-0AD9C10F8993}.Release|x64.ActiveCfg = Release|Any CPU
		{2EB4AB1C-1546-407C-A972-0AD9C10F8993}.Release|x86.ActiveCfg = Release|Any CPU
		{082AEC17-4C86-4B9F-940D-90AB44EC9E4D}.Debug|Any CPU.ActiveCfg = Debug|Win32
		{082AEC17-4C86-4B9F-940D-90AB44EC9E4D}.Debug|Mixed Platforms.ActiveCfg = Debug|Win32
		{082AEC17-4C86-4B9F-940D-90AB44EC9E4D}.Debug|Mixed Platforms.Build.0 = Debug|Win32
		{082AEC17-4C86-4B9F-940D-90AB44EC9E4D}.Debug|Win32.ActiveCfg = Debug|Win32
		{082AEC17-4C86-4B9F-940D-90AB44EC9E4D}.Debug|Win32.Build.0 = Debug|Win32
		{082AEC17-4C86-4B9F-940D-90AB44EC9E4D}.Debug|x64.ActiveCfg = Debug|Win32
		{082AEC17-4C86-4B9F-940D-90AB44EC9E4D}.Debug|x86.ActiveCfg = Debug|Win32
		{082AEC17-4C86-4B9F-940D-90AB44EC9E4D}.Release|Any CPU.ActiveCfg = Release|Win32
		{082AEC17-4C86-4B9F-940D-90AB44EC9E4D}.Release|Mixed Platforms.ActiveCfg = Release|Win32
		{082AEC17-4C86-4B9F-940D-90AB44EC9E4D}.Release|Mixed Platforms.Build.0 = Release|Win32
		{082AEC17-4C86-4B9F-940D-90AB44EC9E4D}.Release|Win32.ActiveCfg = Release|Win32
		{082AEC17-4C86-4B9F-940D-90AB44EC9E4D}.Release|Win32.Build.0 = Release|Win32
		{082AEC17-4C86-4B9F-940D-90AB44EC9E4D}.Release|x64.ActiveCfg = Release|Win32
		{082AEC17-4C86-4B9F-940D-90AB44EC9E4D}.Release|x86.ActiveCfg = Release|Win32
	EndGlobalSection
	GlobalSection(SolutionProperties) = preSolution
		HideSolutionNode = FALSE
	EndGlobalSection
EndGlobal
