
Microsoft Visual Studio Solution File, Format Version 12.00
# Visual Studio 15
VisualStudioVersion = 15.0.27130.2010
MinimumVisualStudioVersion = 10.0.40219.1
Project("{FAE04EC0-301F-11D3-BF4B-00C04F79EFBC}") = "libZhuishu", "libZhuishu\libZhuishu.csproj", "{326650CB-B2EF-4DB4-990C-95C1E0C5E322}"
EndProject
Project("{FAE04EC0-301F-11D3-BF4B-00C04F79EFBC}") = "KindleHelper", "KindleHelper\KindleHelper.csproj", "{7F95AFC8-14CC-4451-BB8C-3E272F1B10BE}"
EndProject
Global
	GlobalSection(SolutionConfigurationPlatforms) = preSolution
		Debug|Any CPU = Debug|Any CPU
		Debug|ARM = Debug|ARM
		Debug|x64 = Debug|x64
		Debug|x86 = Debug|x86
		Release|Any CPU = Release|Any CPU
		Release|ARM = Release|ARM
		Release|x64 = Release|x64
		Release|x86 = Release|x86
	EndGlobalSection
	GlobalSection(ProjectConfigurationPlatforms) = postSolution
		{326650CB-B2EF-4DB4-990C-95C1E0C5E322}.Debug|Any CPU.ActiveCfg = Debug|Any CPU
		{326650CB-B2EF-4DB4-990C-95C1E0C5E322}.Debug|Any CPU.Build.0 = Debug|Any CPU
		{326650CB-B2EF-4DB4-990C-95C1E0C5E322}.Debug|ARM.ActiveCfg = Debug|Any CPU
		{326650CB-B2EF-4DB4-990C-95C1E0C5E322}.Debug|ARM.Build.0 = Debug|Any CPU
		{326650CB-B2EF-4DB4-990C-95C1E0C5E322}.Debug|x64.ActiveCfg = Debug|Any CPU
		{326650CB-B2EF-4DB4-990C-95C1E0C5E322}.Debug|x64.Build.0 = Debug|Any CPU
		{326650CB-B2EF-4DB4-990C-95C1E0C5E322}.Debug|x86.ActiveCfg = Debug|Any CPU
		{326650CB-B2EF-4DB4-990C-95C1E0C5E322}.Debug|x86.Build.0 = Debug|Any CPU
		{326650CB-B2EF-4DB4-990C-95C1E0C5E322}.Release|Any CPU.ActiveCfg = Release|Any CPU
		{326650CB-B2EF-4DB4-990C-95C1E0C5E322}.Release|Any CPU.Build.0 = Release|Any CPU
		{326650CB-B2EF-4DB4-990C-95C1E0C5E322}.Release|ARM.ActiveCfg = Release|Any CPU
		{326650CB-B2EF-4DB4-990C-95C1E0C5E322}.Release|ARM.Build.0 = Release|Any CPU
		{326650CB-B2EF-4DB4-990C-95C1E0C5E322}.Release|x64.ActiveCfg = Release|Any CPU
		{326650CB-B2EF-4DB4-990C-95C1E0C5E322}.Release|x64.Build.0 = Release|Any CPU
		{326650CB-B2EF-4DB4-990C-95C1E0C5E322}.Release|x86.ActiveCfg = Release|Any CPU
		{326650CB-B2EF-4DB4-990C-95C1E0C5E322}.Release|x86.Build.0 = Release|Any CPU
		{7F95AFC8-14CC-4451-BB8C-3E272F1B10BE}.Debug|Any CPU.ActiveCfg = Debug|Any CPU
		{7F95AFC8-14CC-4451-BB8C-3E272F1B10BE}.Debug|Any CPU.Build.0 = Debug|Any CPU
		{7F95AFC8-14CC-4451-BB8C-3E272F1B10BE}.Debug|ARM.ActiveCfg = Debug|Any CPU
		{7F95AFC8-14CC-4451-BB8C-3E272F1B10BE}.Debug|ARM.Build.0 = Debug|Any CPU
		{7F95AFC8-14CC-4451-BB8C-3E272F1B10BE}.Debug|x64.ActiveCfg = Debug|Any CPU
		{7F95AFC8-14CC-4451-BB8C-3E272F1B10BE}.Debug|x64.Build.0 = Debug|Any CPU
		{7F95AFC8-14CC-4451-BB8C-3E272F1B10BE}.Debug|x86.ActiveCfg = Debug|Any CPU
		{7F95AFC8-14CC-4451-BB8C-3E272F1B10BE}.Debug|x86.Build.0 = Debug|Any CPU
		{7F95AFC8-14CC-4451-BB8C-3E272F1B10BE}.Release|Any CPU.ActiveCfg = Release|Any CPU
		{7F95AFC8-14CC-4451-BB8C-3E272F1B10BE}.Release|Any CPU.Build.0 = Release|Any CPU
		{7F95AFC8-14CC-4451-BB8C-3E272F1B10BE}.Release|ARM.ActiveCfg = Release|Any CPU
		{7F95AFC8-14CC-4451-BB8C-3E272F1B10BE}.Release|ARM.Build.0 = Release|Any CPU
		{7F95AFC8-14CC-4451-BB8C-3E272F1B10BE}.Release|x64.ActiveCfg = Release|Any CPU
		{7F95AFC8-14CC-4451-BB8C-3E272F1B10BE}.Release|x64.Build.0 = Release|Any CPU
		{7F95AFC8-14CC-4451-BB8C-3E272F1B10BE}.Release|x86.ActiveCfg = Release|Any CPU
		{7F95AFC8-14CC-4451-BB8C-3E272F1B10BE}.Release|x86.Build.0 = Release|Any CPU
	EndGlobalSection
	GlobalSection(SolutionProperties) = preSolution
		HideSolutionNode = FALSE
	EndGlobalSection
	GlobalSection(ExtensibilityGlobals) = postSolution
		SolutionGuid = {25C20352-24F0-40E6-8B86-CE0D6E139B6D}
	EndGlobalSection
EndGlobal
