
Microsoft Visual Studio Solution File, Format Version 12.00
# Visual Studio 2013
VisualStudioVersion = 12.0.21005.1
MinimumVisualStudioVersion = 10.0.40219.1
Project("{FAE04EC0-301F-11D3-BF4B-00C04F79EFBC}") = "Ionic", "Zip\Ionic.csproj", "{A0C2DC2F-4AC7-4AEA-847D-A1A51AF02130}"
EndProject
Project("{FAE04EC0-301F-11D3-BF4B-00C04F79EFBC}") = "TestZip", "TestZip\TestZip.csproj", "{FE558025-6F89-4145-8005-DE61F2A983B5}"
EndProject
Global
	GlobalSection(SolutionConfigurationPlatforms) = preSolution
		Debug|Any CPU = Debug|Any CPU
		Release|Any CPU = Release|Any CPU
	EndGlobalSection
	GlobalSection(ProjectConfigurationPlatforms) = postSolution
		{A0C2DC2F-4AC7-4AEA-847D-A1A51AF02130}.Debug|Any CPU.ActiveCfg = Debug|Any CPU
		{A0C2DC2F-4AC7-4AEA-847D-A1A51AF02130}.Debug|Any CPU.Build.0 = Debug|Any CPU
		{A0C2DC2F-4AC7-4AEA-847D-A1A51AF02130}.Release|Any CPU.ActiveCfg = Release|Any CPU
		{A0C2DC2F-4AC7-4AEA-847D-A1A51AF02130}.Release|Any CPU.Build.0 = Release|Any CPU
		{FE558025-6F89-4145-8005-DE61F2A983B5}.Debug|Any CPU.ActiveCfg = Debug|Any CPU
		{FE558025-6F89-4145-8005-DE61F2A983B5}.Debug|Any CPU.Build.0 = Debug|Any CPU
		{FE558025-6F89-4145-8005-DE61F2A983B5}.Release|Any CPU.ActiveCfg = Release|Any CPU
		{FE558025-6F89-4145-8005-DE61F2A983B5}.Release|Any CPU.Build.0 = Release|Any CPU
	EndGlobalSection
	GlobalSection(SolutionProperties) = preSolution
		HideSolutionNode = FALSE
	EndGlobalSection
EndGlobal
