
Microsoft Visual Studio Solution File, Format Version 11.00
# Visual Studio 2010
Project("{FAE04EC0-301F-11D3-BF4B-00C04F79EFBC}") = "ePubReader", "ePubReader\ePubReader.csproj", "{B5D1C9DA-D5F6-42CD-B639-E6796DD2BDBB}"
EndProject
Project("{FAE04EC0-301F-11D3-BF4B-00C04F79EFBC}") = "UnitTests", "UnitTests\UnitTests.csproj", "{48EF02EE-9F9F-4AC3-AEAD-05F1788A0ABB}"
EndProject
Project("{E24C65DC-7377-472B-9ABA-BC803B73C61A}") = "ExampleWebSite", "ExampleWebSite", "{A4D2021D-D544-4C4C-854C-0827018B1CCB}"
	ProjectSection(WebsiteProperties) = preProject
		SccProjectName = "SAK"
		SccAuxPath = "SAK"
		SccLocalPath = "SAK"
		SccProvider = "SAK"
		TargetFrameworkMoniker = ".NETFramework,Version%3Dv4.0"
		ProjectReferences = "{B5D1C9DA-D5F6-42CD-B639-E6796DD2BDBB}|ePubReader.dll;"
		Debug.AspNetCompiler.VirtualPath = "/ExampleWebSite"
		Debug.AspNetCompiler.PhysicalPath = "ExampleWebSite\"
		Debug.AspNetCompiler.TargetPath = "PrecompiledWeb\ExampleWebSite\"
		Debug.AspNetCompiler.Updateable = "true"
		Debug.AspNetCompiler.ForceOverwrite = "true"
		Debug.AspNetCompiler.FixedNames = "false"
		Debug.AspNetCompiler.Debug = "True"
		Release.AspNetCompiler.VirtualPath = "/ExampleWebSite"
		Release.AspNetCompiler.PhysicalPath = "ExampleWebSite\"
		Release.AspNetCompiler.TargetPath = "PrecompiledWeb\ExampleWebSite\"
		Release.AspNetCompiler.Updateable = "true"
		Release.AspNetCompiler.ForceOverwrite = "true"
		Release.AspNetCompiler.FixedNames = "false"
		Release.AspNetCompiler.Debug = "False"
		VWDPort = "50676"
		DefaultWebSiteLanguage = "Visual C#"
	EndProjectSection
EndProject
Project("{FAE04EC0-301F-11D3-BF4B-00C04F79EFBC}") = "Tester", "Tester\Tester.csproj", "{5C57C5F8-15C8-436C-B711-672953301313}"
EndProject
Project("{FAE04EC0-301F-11D3-BF4B-00C04F79EFBC}") = "Tiny ePub", "Tiny ePub\Tiny ePub.csproj", "{AC3A0521-3436-4ED5-AB10-EA40C13B91F4}"
EndProject
Global
	GlobalSection(TeamFoundationVersionControl) = preSolution
		SccNumberOfProjects = 6
		SccEnterpriseProvider = {4CA58AB2-18FA-4F8D-95D4-32DDF27D184C}
		SccTeamFoundationServer = https://tfs.codeplex.com/tfs/tfs14
		SccLocalPath0 = .
		SccProjectUniqueName1 = ePubReader\\ePubReader.csproj
		SccProjectName1 = ePubReader
		SccLocalPath1 = ePubReader
		SccWebProject2 = true
		SccProjectUniqueName2 = ExampleWebSite
		SccProjectName2 = ExampleWebSite
		SccLocalPath2 = ExampleWebSite
		SccProjectEnlistmentChoice2 = 2
		SccProjectUniqueName3 = Tester\\Tester.csproj
		SccProjectName3 = Tester
		SccLocalPath3 = Tester
		SccProjectUniqueName4 = UnitTests\\UnitTests.csproj
		SccProjectName4 = UnitTests
		SccLocalPath4 = UnitTests
		SccProjectUniqueName5 = Tiny\u0020ePub\\Tiny\u0020ePub.csproj
		SccProjectName5 = Tiny\u0020ePub
		SccLocalPath5 = Tiny\u0020ePub
	EndGlobalSection
	GlobalSection(SolutionConfigurationPlatforms) = preSolution
		Debug|Any CPU = Debug|Any CPU
		Debug|Mixed Platforms = Debug|Mixed Platforms
		Debug|x86 = Debug|x86
		Release|Any CPU = Release|Any CPU
		Release|Mixed Platforms = Release|Mixed Platforms
		Release|x86 = Release|x86
	EndGlobalSection
	GlobalSection(ProjectConfigurationPlatforms) = postSolution
		{B5D1C9DA-D5F6-42CD-B639-E6796DD2BDBB}.Debug|Any CPU.ActiveCfg = Debug|Any CPU
		{B5D1C9DA-D5F6-42CD-B639-E6796DD2BDBB}.Debug|Any CPU.Build.0 = Debug|Any CPU
		{B5D1C9DA-D5F6-42CD-B639-E6796DD2BDBB}.Debug|Mixed Platforms.ActiveCfg = Debug|Any CPU
		{B5D1C9DA-D5F6-42CD-B639-E6796DD2BDBB}.Debug|Mixed Platforms.Build.0 = Debug|Any CPU
		{B5D1C9DA-D5F6-42CD-B639-E6796DD2BDBB}.Debug|x86.ActiveCfg = Debug|Any CPU
		{B5D1C9DA-D5F6-42CD-B639-E6796DD2BDBB}.Release|Any CPU.ActiveCfg = Release|Any CPU
		{B5D1C9DA-D5F6-42CD-B639-E6796DD2BDBB}.Release|Any CPU.Build.0 = Release|Any CPU
		{B5D1C9DA-D5F6-42CD-B639-E6796DD2BDBB}.Release|Mixed Platforms.ActiveCfg = Release|Any CPU
		{B5D1C9DA-D5F6-42CD-B639-E6796DD2BDBB}.Release|Mixed Platforms.Build.0 = Release|Any CPU
		{B5D1C9DA-D5F6-42CD-B639-E6796DD2BDBB}.Release|x86.ActiveCfg = Release|Any CPU
		{48EF02EE-9F9F-4AC3-AEAD-05F1788A0ABB}.Debug|Any CPU.ActiveCfg = Debug|Any CPU
		{48EF02EE-9F9F-4AC3-AEAD-05F1788A0ABB}.Debug|Any CPU.Build.0 = Debug|Any CPU
		{48EF02EE-9F9F-4AC3-AEAD-05F1788A0ABB}.Debug|Mixed Platforms.ActiveCfg = Debug|Any CPU
		{48EF02EE-9F9F-4AC3-AEAD-05F1788A0ABB}.Debug|Mixed Platforms.Build.0 = Debug|Any CPU
		{48EF02EE-9F9F-4AC3-AEAD-05F1788A0ABB}.Debug|x86.ActiveCfg = Debug|Any CPU
		{48EF02EE-9F9F-4AC3-AEAD-05F1788A0ABB}.Release|Any CPU.ActiveCfg = Release|Any CPU
		{48EF02EE-9F9F-4AC3-AEAD-05F1788A0ABB}.Release|Any CPU.Build.0 = Release|Any CPU
		{48EF02EE-9F9F-4AC3-AEAD-05F1788A0ABB}.Release|Mixed Platforms.ActiveCfg = Release|Any CPU
		{48EF02EE-9F9F-4AC3-AEAD-05F1788A0ABB}.Release|Mixed Platforms.Build.0 = Release|Any CPU
		{48EF02EE-9F9F-4AC3-AEAD-05F1788A0ABB}.Release|x86.ActiveCfg = Release|Any CPU
		{A4D2021D-D544-4C4C-854C-0827018B1CCB}.Debug|Any CPU.ActiveCfg = Debug|Any CPU
		{A4D2021D-D544-4C4C-854C-0827018B1CCB}.Debug|Any CPU.Build.0 = Debug|Any CPU
		{A4D2021D-D544-4C4C-854C-0827018B1CCB}.Debug|Mixed Platforms.ActiveCfg = Debug|Any CPU
		{A4D2021D-D544-4C4C-854C-0827018B1CCB}.Debug|Mixed Platforms.Build.0 = Debug|Any CPU
		{A4D2021D-D544-4C4C-854C-0827018B1CCB}.Debug|x86.ActiveCfg = Debug|Any CPU
		{A4D2021D-D544-4C4C-854C-0827018B1CCB}.Release|Any CPU.ActiveCfg = Debug|Any CPU
		{A4D2021D-D544-4C4C-854C-0827018B1CCB}.Release|Any CPU.Build.0 = Debug|Any CPU
		{A4D2021D-D544-4C4C-854C-0827018B1CCB}.Release|Mixed Platforms.ActiveCfg = Debug|Any CPU
		{A4D2021D-D544-4C4C-854C-0827018B1CCB}.Release|Mixed Platforms.Build.0 = Debug|Any CPU
		{A4D2021D-D544-4C4C-854C-0827018B1CCB}.Release|x86.ActiveCfg = Debug|Any CPU
		{5C57C5F8-15C8-436C-B711-672953301313}.Debug|Any CPU.ActiveCfg = Debug|x86
		{5C57C5F8-15C8-436C-B711-672953301313}.Debug|Mixed Platforms.ActiveCfg = Debug|x86
		{5C57C5F8-15C8-436C-B711-672953301313}.Debug|Mixed Platforms.Build.0 = Debug|x86
		{5C57C5F8-15C8-436C-B711-672953301313}.Debug|x86.ActiveCfg = Debug|x86
		{5C57C5F8-15C8-436C-B711-672953301313}.Debug|x86.Build.0 = Debug|x86
		{5C57C5F8-15C8-436C-B711-672953301313}.Release|Any CPU.ActiveCfg = Release|x86
		{5C57C5F8-15C8-436C-B711-672953301313}.Release|Mixed Platforms.ActiveCfg = Release|x86
		{5C57C5F8-15C8-436C-B711-672953301313}.Release|Mixed Platforms.Build.0 = Release|x86
		{5C57C5F8-15C8-436C-B711-672953301313}.Release|x86.ActiveCfg = Release|x86
		{5C57C5F8-15C8-436C-B711-672953301313}.Release|x86.Build.0 = Release|x86
		{AC3A0521-3436-4ED5-AB10-EA40C13B91F4}.Debug|Any CPU.ActiveCfg = Debug|x86
		{AC3A0521-3436-4ED5-AB10-EA40C13B91F4}.Debug|Mixed Platforms.ActiveCfg = Debug|x86
		{AC3A0521-3436-4ED5-AB10-EA40C13B91F4}.Debug|Mixed Platforms.Build.0 = Debug|x86
		{AC3A0521-3436-4ED5-AB10-EA40C13B91F4}.Debug|x86.ActiveCfg = Debug|x86
		{AC3A0521-3436-4ED5-AB10-EA40C13B91F4}.Debug|x86.Build.0 = Debug|x86
		{AC3A0521-3436-4ED5-AB10-EA40C13B91F4}.Release|Any CPU.ActiveCfg = Release|x86
		{AC3A0521-3436-4ED5-AB10-EA40C13B91F4}.Release|Mixed Platforms.ActiveCfg = Release|x86
		{AC3A0521-3436-4ED5-AB10-EA40C13B91F4}.Release|Mixed Platforms.Build.0 = Release|x86
		{AC3A0521-3436-4ED5-AB10-EA40C13B91F4}.Release|x86.ActiveCfg = Release|x86
		{AC3A0521-3436-4ED5-AB10-EA40C13B91F4}.Release|x86.Build.0 = Release|x86
	EndGlobalSection
	GlobalSection(SolutionProperties) = preSolution
		HideSolutionNode = FALSE
	EndGlobalSection
EndGlobal
